// !$*UTF8*$!
{
	archiveVersion = 1;
	classes = {
	};
	objectVersion = 50;
	objects = {

/* Begin PBXBuildFile section */
		D970532F21668BA600D3A168 /* AppDelegate.swift in Sources */ = {isa = PBXBuildFile; fileRef = D970532E21668BA600D3A168 /* AppDelegate.swift */; };
		D970533121668BA600D3A168 /* ViewController.swift in Sources */ = {isa = PBXBuildFile; fileRef = D970533021668BA600D3A168 /* ViewController.swift */; };
		D970533421668BA600D3A168 /* Main.storyboard in Resources */ = {isa = PBXBuildFile; fileRef = D970533221668BA600D3A168 /* Main.storyboard */; };
		D970533621668BB500D3A168 /* Assets.xcassets in Resources */ = {isa = PBXBuildFile; fileRef = D970533521668BB500D3A168 /* Assets.xcassets */; };
		D970533921668BB500D3A168 /* LaunchScreen.storyboard in Resources */ = {isa = PBXBuildFile; fileRef = D970533721668BB500D3A168 /* LaunchScreen.storyboard */; };
		D970534421668BB500D3A168 /* ZhymmiTests.swift in Sources */ = {isa = PBXBuildFile; fileRef = D970534321668BB500D3A168 /* ZhymmiTests.swift */; };
/* End PBXBuildFile section */

/* Begin PBXContainerItemProxy section */
		D970534021668BB500D3A168 /* PBXContainerItemProxy */ = {
			isa = PBXContainerItemProxy;
			containerPortal = D970532321668BA600D3A168 /* Project object */;
			proxyType = 1;
			remoteGlobalIDString = D970532A21668BA600D3A168;
			remoteInfo = Zhymmi;
		};
/* End PBXContainerItemProxy section */

/* Begin PBXFileReference section */
		D970532B21668BA600D3A168 /* Zhymmi.app */ = {isa = PBXFileReference; explicitFileType = wrapper.application; includeInIndex = 0; path = Zhymmi.app; sourceTree = BUILT_PRODUCTS_DIR; };
		D970532E21668BA600D3A168 /* AppDelegate.swift */ = {isa = PBXFileReference; lastKnownFileType = sourcecode.swift; path = AppDelegate.swift; sourceTree = "<group>"; };
		D970533021668BA600D3A168 /* ViewController.swift */ = {isa = PBXFileReference; lastKnownFileType = sourcecode.swift; path = ViewController.swift; sourceTree = "<group>"; };
		D970533321668BA600D3A168 /* Base */ = {isa = PBXFileReference; lastKnownFileType = file.storyboard; name = Base; path = Base.lproj/Main.storyboard; sourceTree = "<group>"; };
		D970533521668BB500D3A168 /* Assets.xcassets */ = {isa = PBXFileReference; lastKnownFileType = folder.assetcatalog; path = Assets.xcassets; sourceTree = "<group>"; };
		D970533821668BB500D3A168 /* Base */ = {isa = PBXFileReference; lastKnownFileType = file.storyboard; name = Base; path = Base.lproj/LaunchScreen.storyboard; sourceTree = "<group>"; };
		D970533A21668BB500D3A168 /* Info.plist */ = {isa = PBXFileReference; lastKnownFileType = text.plist.xml; path = Info.plist; sourceTree = "<group>"; };
		D970533F21668BB500D3A168 /* ZhymmiTests.xctest */ = {isa = PBXFileReference; explicitFileType = wrapper.cfbundle; includeInIndex = 0; path = ZhymmiTests.xctest; sourceTree = BUILT_PRODUCTS_DIR; };
		D970534321668BB500D3A168 /* ZhymmiTests.swift */ = {isa = PBXFileReference; lastKnownFileType = sourcecode.swift; path = ZhymmiTests.swift; sourceTree = "<group>"; };
		D970534521668BB600D3A168 /* Info.plist */ = {isa = PBXFileReference; lastKnownFileType = text.plist.xml; path = Info.plist; sourceTree = "<group>"; };
/* End PBXFileReference section */

/* Begin PBXFrameworksBuildPhase section */
		D970532821668BA600D3A168 /* Frameworks */ = {
			isa = PBXFrameworksBuildPhase;
			buildActionMask = 2147483647;
			files = (
			);
			runOnlyForDeploymentPostprocessing = 0;
		};
		D970533C21668BB500D3A168 /* Frameworks */ = {
			isa = PBXFrameworksBuildPhase;
			buildActionMask = 2147483647;
			files = (
			);
			runOnlyForDeploymentPostprocessing = 0;
		};
/* End PBXFrameworksBuildPhase section */

/* Begin PBXGroup section */
		D970532221668BA600D3A168 = {
			isa = PBXGroup;
			children = (
				D970532D21668BA600D3A168 /* Zhymmi */,
				D970534221668BB500D3A168 /* ZhymmiTests */,
				D970532C21668BA600D3A168 /* Products */,
			);
			sourceTree = "<group>";
		};
		D970532C21668BA600D3A168 /* Products */ = {
			isa = PBXGroup;
			children = (
				D970532B21668BA600D3A168 /* Zhymmi.app */,
				D970533F21668BB500D3A168 /* ZhymmiTests.xctest */,
			);
			name = Products;
			sourceTree = "<group>";
		};
		D970532D21668BA600D3A168 /* Zhymmi */ = {
			isa = PBXGroup;
			children = (
				D970532E21668BA600D3A168 /* AppDelegate.swift */,
				D970533021668BA600D3A168 /* ViewController.swift */,
				D970533221668BA600D3A168 /* Main.storyboard */,
				D970533521668BB500D3A168 /* Assets.xcassets */,
				D970533721668BB500D3A168 /* LaunchScreen.storyboard */,
				D970533A21668BB500D3A168 /* Info.plist */,
			);
			path = Zhymmi;
			sourceTree = "<group>";
		};
		D970534221668BB500D3A168 /* ZhymmiTests */ = {
			isa = PBXGroup;
			children = (
				D970534321668BB500D3A168 /* ZhymmiTests.swift */,
				D970534521668BB600D3A168 /* Info.plist */,
			);
			path = ZhymmiTests;
			sourceTree = "<group>";
		};
/* End PBXGroup section */

/* Begin PBXNativeTarget section */
		D970532A21668BA600D3A168 /* Zhymmi */ = {
			isa = PBXNativeTarget;
			buildConfigurationList = D970534821668BB600D3A168 /* Build configuration list for PBXNativeTarget "Zhymmi" */;
			buildPhases = (
				D970532721668BA600D3A168 /* Sources */,
				D970532821668BA600D3A168 /* Frameworks */,
				D970532921668BA600D3A168 /* Resources */,
			);
			buildRules = (
			);
			dependencies = (
			);
			name = Zhymmi;
			productName = Zhymmi;
			productReference = D970532B21668BA600D3A168 /* Zhymmi.app */;
			productType = "com.apple.product-type.application";
		};
		D970533E21668BB500D3A168 /* ZhymmiTests */ = {
			isa = PBXNativeTarget;
			buildConfigurationList = D970534B21668BB600D3A168 /* Build configuration list for PBXNativeTarget "ZhymmiTests" */;
			buildPhases = (
				D970533B21668BB500D3A168 /* Sources */,
				D970533C21668BB500D3A168 /* Frameworks */,
				D970533D21668BB500D3A168 /* Resources */,
			);
			buildRules = (
			);
			dependencies = (
				D970534121668BB500D3A168 /* PBXTargetDependency */,
			);
			name = ZhymmiTests;
			productName = ZhymmiTests;
			productReference = D970533F21668BB500D3A168 /* ZhymmiTests.xctest */;
			productType = "com.apple.product-type.bundle.unit-test";
		};
/* End PBXNativeTarget section */

/* Begin PBXProject section */
		D970532321668BA600D3A168 /* Project object */ = {
			isa = PBXProject;
			attributes = {
				LastSwiftUpdateCheck = 1000;
				LastUpgradeCheck = 1000;
				ORGANIZATIONNAME = com.ovt;
				TargetAttributes = {
					D970532A21668BA600D3A168 = {
						CreatedOnToolsVersion = 10.0;
					};
					D970533E21668BB500D3A168 = {
						CreatedOnToolsVersion = 10.0;
						TestTargetID = D970532A21668BA600D3A168;
					};
				};
			};
			buildConfigurationList = D970532621668BA600D3A168 /* Build configuration list for PBXProject "Zhymmi" */;
			compatibilityVersion = "Xcode 9.3";
			developmentRegion = en;
			hasScannedForEncodings = 0;
			knownRegions = (
				en,
				Base,
			);
			mainGroup = D970532221668BA600D3A168;
			productRefGroup = D970532C21668BA600D3A168 /* Products */;
			projectDirPath = "";
			projectRoot = "";
			targets = (
				D970532A21668BA600D3A168 /* Zhymmi */,
				D970533E21668BB500D3A168 /* ZhymmiTests */,
			);
		};
/* End PBXProject section */

/* Begin PBXResourcesBuildPhase section */
		D970532921668BA600D3A168 /* Resources */ = {
			isa = PBXResourcesBuildPhase;
			buildActionMask = 2147483647;
			files = (
				D970533921668BB500D3A168 /* LaunchScreen.storyboard in Resources */,
				D970533621668BB500D3A168 /* Assets.xcassets in Resources */,
				D970533421668BA600D3A168 /* Main.storyboard in Resources */,
			);
			runOnlyForDeploymentPostprocessing = 0;
		};
		D970533D21668BB500D3A168 /* Resources */ = {
			isa = PBXResourcesBuildPhase;
			buildActionMask = 2147483647;
			files = (
			);
			runOnlyForDeploymentPostprocessing = 0;
		};
/* End PBXResourcesBuildPhase section */

/* Begin PBXSourcesBuildPhase section */
		D970532721668BA600D3A168 /* Sources */ = {
			isa = PBXSourcesBuildPhase;
			buildActionMask = 2147483647;
			files = (
				D970533121668BA600D3A168 /* ViewController.swift in Sources */,
				D970532F21668BA600D3A168 /* AppDelegate.swift in Sources */,
			);
			runOnlyForDeploymentPostprocessing = 0;
		};
		D970533B21668BB500D3A168 /* Sources */ = {
			isa = PBXSourcesBuildPhase;
			buildActionMask = 2147483647;
			files = (
				D970534421668BB500D3A168 /* ZhymmiTests.swift in Sources */,
			);
			runOnlyForDeploymentPostprocessing = 0;
		};
/* End PBXSourcesBuildPhase section */

/* Begin PBXTargetDependency section */
		D970534121668BB500D3A168 /* PBXTargetDependency */ = {
			isa = PBXTargetDependency;
			target = D970532A21668BA600D3A168 /* Zhymmi */;
			targetProxy = D970534021668BB500D3A168 /* PBXContainerItemProxy */;
		};
/* End PBXTargetDependency section */

/* Begin PBXVariantGroup section */
		D970533221668BA600D3A168 /* Main.storyboard */ = {
			isa = PBXVariantGroup;
			children = (
				D970533321668BA600D3A168 /* Base */,
			);
			name = Main.storyboard;
			sourceTree = "<group>";
		};
		D970533721668BB500D3A168 /* LaunchScreen.storyboard */ = {
			isa = PBXVariantGroup;
			children = (
				D970533821668BB500D3A168 /* Base */,
			);
			name = LaunchScreen.storyboard;
			sourceTree = "<group>";
		};
/* End PBXVariantGroup section */

/* Begin XCBuildConfiguration section */
		D970534621668BB600D3A168 /* Debug */ = {
			isa = XCBuildConfiguration;
			buildSettings = {
				ALWAYS_SEARCH_USER_PATHS = NO;
				CLANG_ANALYZER_NONNULL = YES;
				CLANG_ANALYZER_NUMBER_OBJECT_CONVERSION = YES_AGGRESSIVE;
				CLANG_CXX_LANGUAGE_STANDARD = "gnu++14";
				CLANG_CXX_LIBRARY = "libc++";
				CLANG_ENABLE_MODULES = YES;
				CLANG_ENABLE_OBJC_ARC = YES;
				CLANG_ENABLE_OBJC_WEAK = YES;
				CLANG_WARN_BLOCK_CAPTURE_AUTORELEASING = YES;
				CLANG_WARN_BOOL_CONVERSION = YES;
				CLANG_WARN_COMMA = YES;
				CLANG_WARN_CONSTANT_CONVERSION = YES;
				CLANG_WARN_DEPRECATED_OBJC_IMPLEMENTATIONS = YES;
				CLANG_WARN_DIRECT_OBJC_ISA_USAGE = YES_ERROR;
				CLANG_WARN_DOCUMENTATION_COMMENTS = YES;
				CLANG_WARN_EMPTY_BODY = YES;
				CLANG_WARN_ENUM_CONVERSION = YES;
				CLANG_WARN_INFINITE_RECURSION = YES;
				CLANG_WARN_INT_CONVERSION = YES;
				CLANG_WARN_NON_LITERAL_NULL_CONVERSION = YES;
				CLANG_WARN_OBJC_IMPLICIT_RETAIN_SELF = YES;
				CLANG_WARN_OBJC_LITERAL_CONVERSION = YES;
				CLANG_WARN_OBJC_ROOT_CLASS = YES_ERROR;
				CLANG_WARN_RANGE_LOOP_ANALYSIS = YES;
				CLANG_WARN_STRICT_PROTOTYPES = YES;
				CLANG_WARN_SUSPICIOUS_MOVE = YES;
				CLANG_WARN_UNGUARDED_AVAILABILITY = YES_AGGRESSIVE;
				CLANG_WARN_UNREACHABLE_CODE = YES;
				CLANG_WARN__DUPLICATE_METHOD_MATCH = YES;
				CODE_SIGN_IDENTITY = "iPhone Developer";
				COPY_PHASE_STRIP = NO;
				DEBUG_INFORMATION_FORMAT = dwarf;
				ENABLE_STRICT_OBJC_MSGSEND = YES;
				ENABLE_TESTABILITY = YES;
				GCC_C_LANGUAGE_STANDARD = gnu11;
				GCC_DYNAMIC_NO_PIC = NO;
				GCC_NO_COMMON_BLOCKS = YES;
				GCC_OPTIMIZATION_LEVEL = 0;
				GCC_PREPROCESSOR_DEFINITIONS = (
					"DEBUG=1",
					"$(inherited)",
				);
				GCC_WARN_64_TO_32_BIT_CONVERSION = YES;
				GCC_WARN_ABOUT_RETURN_TYPE = YES_ERROR;
				GCC_WARN_UNDECLARED_SELECTOR = YES;
				GCC_WARN_UNINITIALIZED_AUTOS = YES_AGGRESSIVE;
				GCC_WARN_UNUSED_FUNCTION = YES;
				GCC_WARN_UNUSED_VARIABLE = YES;
				IPHONEOS_DEPLOYMENT_TARGET = 12.0;
				MTL_ENABLE_DEBUG_INFO = INCLUDE_SOURCE;
				MTL_FAST_MATH = YES;
				ONLY_ACTIVE_ARCH = YES;
				SDKROOT = iphoneos;
				SWIFT_ACTIVE_COMPILATION_CONDITIONS = DEBUG;
				SWIFT_OPTIMIZATION_LEVEL = "-Onone";
			};
			name = Debug;
		};
		D970534721668BB600D3A168 /* Release */ = {
			isa = XCBuildConfiguration;
			buildSettings = {
				ALWAYS_SEARCH_USER_PATHS = NO;
				CLANG_ANALYZER_NONNULL = YES;
				CLANG_ANALYZER_NUMBER_OBJECT_CONVERSION = YES_AGGRESSIVE;
				CLANG_CXX_LANGUAGE_STANDARD = "gnu++14";
				CLANG_CXX_LIBRARY = "libc++";
				CLANG_ENABLE_MODULES = YES;
				CLANG_ENABLE_OBJC_ARC = YES;
				CLANG_ENABLE_OBJC_WEAK = YES;
				CLANG_WARN_BLOCK_CAPTURE_AUTORELEASING = YES;
				CLANG_WARN_BOOL_CONVERSION = YES;
				CLANG_WARN_COMMA = YES;
				CLANG_WARN_CONSTANT_CONVERSION = YES;
				CLANG_WARN_DEPRECATED_OBJC_IMPLEMENTATIONS = YES;
				CLANG_WARN_DIRECT_OBJC_ISA_USAGE = YES_ERROR;
				CLANG_WARN_DOCUMENTATION_COMMENTS = YES;
				CLANG_WARN_EMPTY_BODY = YES;
				CLANG_WARN_ENUM_CONVERSION = YES;
				CLANG_WARN_INFINITE_RECURSION = YES;
				CLANG_WARN_INT_CONVERSION = YES;
				CLANG_WARN_NON_LITERAL_NULL_CONVERSION = YES;
				CLANG_WARN_OBJC_IMPLICIT_RETAIN_SELF = YES;
				CLANG_WARN_OBJC_LITERAL_CONVERSION = YES;
				CLANG_WARN_OBJC_ROOT_CLASS = YES_ERROR;
				CLANG_WARN_RANGE_LOOP_ANALYSIS = YES;
				CLANG_WARN_STRICT_PROTOTYPES = YES;
				CLANG_WARN_SUSPICIOUS_MOVE = YES;
				CLANG_WARN_UNGUARDED_AVAILABILITY = YES_AGGRESSIVE;
				CLANG_WARN_UNREACHABLE_CODE = YES;
				CLANG_WARN__DUPLICATE_METHOD_MATCH = YES;
				CODE_SIGN_IDENTITY = "iPhone Developer";
				COPY_PHASE_STRIP = NO;
				DEBUG_INFORMATION_FORMAT = "dwarf-with-dsym";
				ENABLE_NS_ASSERTIONS = NO;
				ENABLE_STRICT_OBJC_MSGSEND = YES;
				GCC_C_LANGUAGE_STANDARD = gnu11;
				GCC_NO_COMMON_BLOCKS = YES;
				GCC_WARN_64_TO_32_BIT_CONVERSION = YES;
				GCC_WARN_ABOUT_RETURN_TYPE = YES_ERROR;
				GCC_WARN_UNDECLARED_SELECTOR = YES;
				GCC_WARN_UNINITIALIZED_AUTOS = YES_AGGRESSIVE;
				GCC_WARN_UNUSED_FUNCTION = YES;
				GCC_WARN_UNUSED_VARIABLE = YES;
				IPHONEOS_DEPLOYMENT_TARGET = 12.0;
				MTL_ENABLE_DEBUG_INFO = NO;
				MTL_FAST_MATH = YES;
				SDKROOT = iphoneos;
				SWIFT_COMPILATION_MODE = wholemodule;
				SWIFT_OPTIMIZATION_LEVEL = "-O";
				VALIDATE_PRODUCT = YES;
			};
			name = Release;
		};
		D970534921668BB600D3A168 /* Debug */ = {
			isa = XCBuildConfiguration;
			buildSettings = {
				ASSETCATALOG_COMPILER_APPICON_NAME = AppIcon;
				CODE_SIGN_STYLE = Automatic;
				DEVELOPMENT_TEAM = FEM5E9C5MW;
				INFOPLIST_FILE = Zhymmi/Info.plist;
				LD_RUNPATH_SEARCH_PATHS = (
					"$(inherited)",
					"@executable_path/Frameworks",
				);
				PRODUCT_BUNDLE_IDENTIFIER = com.ovt.Zhymmi;
				PRODUCT_NAME = "$(TARGET_NAME)";
				SWIFT_VERSION = 4.2;
				TARGETED_DEVICE_FAMILY = "1,2";
			};
			name = Debug;
		};
		D970534A21668BB600D3A168 /* Release */ = {
			isa = XCBuildConfiguration;
			buildSettings = {
				ASSETCATALOG_COMPILER_APPICON_NAME = AppIcon;
				CODE_SIGN_STYLE = Automatic;
				DEVELOPMENT_TEAM = FEM5E9C5MW;
				INFOPLIST_FILE = Zhymmi/Info.plist;
				LD_RUNPATH_SEARCH_PATHS = (
					"$(inherited)",
					"@executable_path/Frameworks",
				);
				PRODUCT_BUNDLE_IDENTIFIER = com.ovt.Zhymmi;
				PRODUCT_NAME = "$(TARGET_NAME)";
				SWIFT_VERSION = 4.2;
				TARGETED_DEVICE_FAMILY = "1,2";
			};
			name = Release;
		};
		D970534C21668BB600D3A168 /* Debug */ = {
			isa = XCBuildConfiguration;
			buildSettings = {
				ALWAYS_EMBED_SWIFT_STANDARD_LIBRARIES = YES;
				BUNDLE_LOADER = "$(TEST_HOST)";
				CODE_SIGN_STYLE = Automatic;
				DEVELOPMENT_TEAM = FEM5E9C5MW;
				INFOPLIST_FILE = ZhymmiTests/Info.plist;
				LD_RUNPATH_SEARCH_PATHS = (
					"$(inherited)",
					"@executable_path/Frameworks",
					"@loader_path/Frameworks",
				);
				PRODUCT_BUNDLE_IDENTIFIER = com.ovt.ZhymmiTests;
				PRODUCT_NAME = "$(TARGET_NAME)";
				SWIFT_VERSION = 4.2;
				TARGETED_DEVICE_FAMILY = "1,2";
				TEST_HOST = "$(BUILT_PRODUCTS_DIR)/Zhymmi.app/Zhymmi";
			};
			name = Debug;
		};
		D970534D21668BB600D3A168 /* Release */ = {
			isa = XCBuildConfiguration;
			buildSettings = {
				ALWAYS_EMBED_SWIFT_STANDARD_LIBRARIES = YES;
				BUNDLE_LOADER = "$(TEST_HOST)";
				CODE_SIGN_STYLE = Automatic;
				DEVELOPMENT_TEAM = FEM5E9C5MW;
				INFOPLIST_FILE = ZhymmiTests/Info.plist;
				LD_RUNPATH_SEARCH_PATHS = (
					"$(inherited)",
					"@executable_path/Frameworks",
					"@loader_path/Frameworks",
				);
				PRODUCT_BUNDLE_IDENTIFIER = com.ovt.ZhymmiTests;
				PRODUCT_NAME = "$(TARGET_NAME)";
				SWIFT_VERSION = 4.2;
				TARGETED_DEVICE_FAMILY = "1,2";
				TEST_HOST = "$(BUILT_PRODUCTS_DIR)/Zhymmi.app/Zhymmi";
			};
			name = Release;
		};
/* End XCBuildConfiguration section */

/* Begin XCConfigurationList section */
		D970532621668BA600D3A168 /* Build configuration list for PBXProject "Zhymmi" */ = {
			isa = XCConfigurationList;
			buildConfigurations = (
				D970534621668BB600D3A168 /* Debug */,
				D970534721668BB600D3A168 /* Release */,
			);
			defaultConfigurationIsVisible = 0;
			defaultConfigurationName = Release;
		};
		D970534821668BB600D3A168 /* Build configuration list for PBXNativeTarget "Zhymmi" */ = {
			isa = XCConfigurationList;
			buildConfigurations = (
				D970534921668BB600D3A168 /* Debug */,
				D970534A21668BB600D3A168 /* Release */,
			);
			defaultConfigurationIsVisible = 0;
			defaultConfigurationName = Release;
		};
		D970534B21668BB600D3A168 /* Build configuration list for PBXNativeTarget "ZhymmiTests" */ = {
			isa = XCConfigurationList;
			buildConfigurations = (
				D970534C21668BB600D3A168 /* Debug */,
				D970534D21668BB600D3A168 /* Release */,
			);
			defaultConfigurationIsVisible = 0;
			defaultConfigurationName = Release;
		};
/* End XCConfigurationList section */
	};
	rootObject = D970532321668BA600D3A168 /* Project object */;
}
